
Microsoft Visual Studio Solution File, Format Version 12.00
# Visual Studio Version 17
VisualStudioVersion = 17.4.33110.190
MinimumVisualStudioVersion = 10.0.40219.1
Project("{FAE04EC0-301F-11D3-BF4B-00C04F79EFBC}") = "comfortWalk", "comfortWalk.csproj", "{A5E56D61-D8C5-45D5-8D86-322A19069896}"
EndProject
Global
	GlobalSection(SolutionConfigurationPlatforms) = preSolution
		Debug|Any CPU = Debug|Any CPU
		Release|Any CPU = Release|Any CPU
	EndGlobalSection
	GlobalSection(ProjectConfigurationPlatforms) = postSolution
		{A5E56D61-D8C5-45D5-8D86-322A19069896}.Debug|Any CPU.ActiveCfg = Debug|Any CPU
		{A5E56D61-D8C5-45D5-8D86-322A19069896}.Debug|Any CPU.Build.0 = Debug|Any CPU
		{A5E56D61-D8C5-45D5-8D86-322A19069896}.Release|Any CPU.ActiveCfg = Release|Any CPU
		{A5E56D61-D8C5-45D5-8D86-322A19069896}.Release|Any CPU.Build.0 = Release|Any CPU
	EndGlobalSection
	GlobalSection(SolutionProperties) = preSolution
		HideSolutionNode = FALSE
	EndGlobalSection
	GlobalSection(ExtensibilityGlobals) = postSolution
		SolutionGuid = {E277253F-18A1-4CA9-92A5-07CA48AA9819}
	EndGlobalSection
EndGlobal
